
Microsoft Visual Studio Solution File, Format Version 12.00
# Visual Studio Version 16
VisualStudioVersion = 16.0.32413.511
MinimumVisualStudioVersion = 10.0.40219.1
Project("{FAE04EC0-301F-11D3-BF4B-00C04F79EFBC}") = "Soru3", "Soru3\Soru3.csproj", "{2F7BFC6E-6F94-4F8A-B349-B1FD9EF4DE14}"
EndProject
Global
	GlobalSection(SolutionConfigurationPlatforms) = preSolution
		Debug|Any CPU = Debug|Any CPU
		Release|Any CPU = Release|Any CPU
	EndGlobalSection
	GlobalSection(ProjectConfigurationPlatforms) = postSolution
		{2F7BFC6E-6F94-4F8A-B349-B1FD9EF4DE14}.Debug|Any CPU.ActiveCfg = Debug|Any CPU
		{2F7BFC6E-6F94-4F8A-B349-B1FD9EF4DE14}.Debug|Any CPU.Build.0 = Debug|Any CPU
		{2F7BFC6E-6F94-4F8A-B349-B1FD9EF4DE14}.Release|Any CPU.ActiveCfg = Release|Any CPU
		{2F7BFC6E-6F94-4F8A-B349-B1FD9EF4DE14}.Release|Any CPU.Build.0 = Release|Any CPU
	EndGlobalSection
	GlobalSection(SolutionProperties) = preSolution
		HideSolutionNode = FALSE
	EndGlobalSection
	GlobalSection(ExtensibilityGlobals) = postSolution
		SolutionGuid = {065B0B84-5BFB-40D9-851A-538453125EE2}
	EndGlobalSection
EndGlobal
